
Microsoft Visual Studio Solution File, Format Version 12.00
# Visual Studio Version 17
VisualStudioVersion = 17.8.34525.116
MinimumVisualStudioVersion = 10.0.40219.1
Project("{9A19103F-16F7-4668-BE54-9A1E7A4F7556}") = "ABCD.Server", "ABCD.Server\ABCD.Server.csproj", "{3A974E62-A057-43C7-A535-E3063C473BAF}"
EndProject
Project("{54A90642-561A-4BB1-A94E-469ADEE60C69}") = "abcd.client", "abcd.client\abcd.client.esproj", "{1F12D9A7-90AD-43F4-831A-1BC4A289702B}"
EndProject
Project("{2150E333-8FDC-42A3-9474-1A3956D46DE8}") = "tests", "tests", "{EA0D5D09-C969-4C0E-B645-73CEB0EF2137}"
EndProject
Project("{2150E333-8FDC-42A3-9474-1A3956D46DE8}") = "src", "src", "{BD1508E5-395E-48BD-81A6-E7CF38A0267C}"
EndProject
Project("{9A19103F-16F7-4668-BE54-9A1E7A4F7556}") = "ABCD.Server.Tests", "ABCD.Server.Tests\ABCD.Server.Tests.csproj", "{04AC4AEC-E44D-4D56-B577-99B4B7BCD467}"
EndProject
Project("{9A19103F-16F7-4668-BE54-9A1E7A4F7556}") = "ABCD.Terminal", "ABCD.Terminal\ABCD.Terminal.csproj", "{A99E04A7-EAA5-475B-A890-CC7DA5E81673}"
EndProject
Project("{9A19103F-16F7-4668-BE54-9A1E7A4F7556}") = "ABCD.Terminal.Tests", "ABCD.Terminal.Tests\ABCD.Terminal.Tests.csproj", "{914595DF-966E-4A1B-B546-C518B33D9F3B}"
EndProject
Project("{FAE04EC0-301F-11D3-BF4B-00C04F79EFBC}") = "ABCD.Lib", "ABCD.Lib\ABCD.Lib.csproj", "{0EDF0719-EBD2-4EB9-9AF1-8763C3BEE06C}"
EndProject
Project("{2150E333-8FDC-42A3-9474-1A3956D46DE8}") = "Solution Items", "Solution Items", "{E33BB759-D56D-435B-8C38-302AD18E73E3}"
	ProjectSection(SolutionItems) = preProject
		tips.txt = tips.txt
	EndProjectSection
EndProject
Project("{FAE04EC0-301F-11D3-BF4B-00C04F79EFBC}") = "ABCD.Application", "ABCD.Application\ABCD.Application.csproj", "{D7C573B5-5CE0-4B83-AFA8-44729570A6B8}"
EndProject
Project("{FAE04EC0-301F-11D3-BF4B-00C04F79EFBC}") = "ABCD.Infra", "ABCD.Infra\ABCD.Infra.csproj", "{4B7A5B2C-F96C-4AD6-96F2-F91339383E70}"
EndProject
Project("{FAE04EC0-301F-11D3-BF4B-00C04F79EFBC}") = "ABCD.Domain", "ABCD.Domain\ABCD.Domain.csproj", "{52A61718-CC01-4F77-8070-B5BD9A2EB104}"
EndProject
Project("{FAE04EC0-301F-11D3-BF4B-00C04F79EFBC}") = "ABCD.Application.Tests", "ABCD.Application.Tests\ABCD.Application.Tests.csproj", "{E1840EC2-0A14-42CD-8A4B-5499701B7AD9}"
EndProject
Project("{FAE04EC0-301F-11D3-BF4B-00C04F79EFBC}") = "ABCD.Domain.Tests", "ABCD.Domain.Tests\ABCD.Domain.Tests.csproj", "{665E31C9-E8FC-41DA-80CF-50A5857985DA}"
EndProject
Project("{FAE04EC0-301F-11D3-BF4B-00C04F79EFBC}") = "ABCD.Infra.Tests", "ABCD.Infra.Tests\ABCD.Infra.Tests.csproj", "{B2801986-CE9C-4A0C-BB40-AEB273493111}"
EndProject
Global
	GlobalSection(SolutionConfigurationPlatforms) = preSolution
		Debug|Any CPU = Debug|Any CPU
		Release|Any CPU = Release|Any CPU
	EndGlobalSection
	GlobalSection(ProjectConfigurationPlatforms) = postSolution
		{3A974E62-A057-43C7-A535-E3063C473BAF}.Debug|Any CPU.ActiveCfg = Debug|Any CPU
		{3A974E62-A057-43C7-A535-E3063C473BAF}.Debug|Any CPU.Build.0 = Debug|Any CPU
		{3A974E62-A057-43C7-A535-E3063C473BAF}.Release|Any CPU.ActiveCfg = Release|Any CPU
		{3A974E62-A057-43C7-A535-E3063C473BAF}.Release|Any CPU.Build.0 = Release|Any CPU
		{1F12D9A7-90AD-43F4-831A-1BC4A289702B}.Debug|Any CPU.ActiveCfg = Debug|Any CPU
		{1F12D9A7-90AD-43F4-831A-1BC4A289702B}.Debug|Any CPU.Build.0 = Debug|Any CPU
		{1F12D9A7-90AD-43F4-831A-1BC4A289702B}.Debug|Any CPU.Deploy.0 = Debug|Any CPU
		{1F12D9A7-90AD-43F4-831A-1BC4A289702B}.Release|Any CPU.ActiveCfg = Release|Any CPU
		{1F12D9A7-90AD-43F4-831A-1BC4A289702B}.Release|Any CPU.Build.0 = Release|Any CPU
		{1F12D9A7-90AD-43F4-831A-1BC4A289702B}.Release|Any CPU.Deploy.0 = Release|Any CPU
		{04AC4AEC-E44D-4D56-B577-99B4B7BCD467}.Debug|Any CPU.ActiveCfg = Debug|Any CPU
		{04AC4AEC-E44D-4D56-B577-99B4B7BCD467}.Debug|Any CPU.Build.0 = Debug|Any CPU
		{04AC4AEC-E44D-4D56-B577-99B4B7BCD467}.Release|Any CPU.ActiveCfg = Release|Any CPU
		{04AC4AEC-E44D-4D56-B577-99B4B7BCD467}.Release|Any CPU.Build.0 = Release|Any CPU
		{A99E04A7-EAA5-475B-A890-CC7DA5E81673}.Debug|Any CPU.ActiveCfg = Debug|Any CPU
		{A99E04A7-EAA5-475B-A890-CC7DA5E81673}.Debug|Any CPU.Build.0 = Debug|Any CPU
		{A99E04A7-EAA5-475B-A890-CC7DA5E81673}.Release|Any CPU.ActiveCfg = Release|Any CPU
		{A99E04A7-EAA5-475B-A890-CC7DA5E81673}.Release|Any CPU.Build.0 = Release|Any CPU
		{914595DF-966E-4A1B-B546-C518B33D9F3B}.Debug|Any CPU.ActiveCfg = Debug|Any CPU
		{914595DF-966E-4A1B-B546-C518B33D9F3B}.Debug|Any CPU.Build.0 = Debug|Any CPU
		{914595DF-966E-4A1B-B546-C518B33D9F3B}.Release|Any CPU.ActiveCfg = Release|Any CPU
		{914595DF-966E-4A1B-B546-C518B33D9F3B}.Release|Any CPU.Build.0 = Release|Any CPU
		{0EDF0719-EBD2-4EB9-9AF1-8763C3BEE06C}.Debug|Any CPU.ActiveCfg = Debug|Any CPU
		{0EDF0719-EBD2-4EB9-9AF1-8763C3BEE06C}.Debug|Any CPU.Build.0 = Debug|Any CPU
		{0EDF0719-EBD2-4EB9-9AF1-8763C3BEE06C}.Release|Any CPU.ActiveCfg = Release|Any CPU
		{0EDF0719-EBD2-4EB9-9AF1-8763C3BEE06C}.Release|Any CPU.Build.0 = Release|Any CPU
		{D7C573B5-5CE0-4B83-AFA8-44729570A6B8}.Debug|Any CPU.ActiveCfg = Debug|Any CPU
		{D7C573B5-5CE0-4B83-AFA8-44729570A6B8}.Debug|Any CPU.Build.0 = Debug|Any CPU
		{D7C573B5-5CE0-4B83-AFA8-44729570A6B8}.Release|Any CPU.ActiveCfg = Release|Any CPU
		{D7C573B5-5CE0-4B83-AFA8-44729570A6B8}.Release|Any CPU.Build.0 = Release|Any CPU
		{4B7A5B2C-F96C-4AD6-96F2-F91339383E70}.Debug|Any CPU.ActiveCfg = Debug|Any CPU
		{4B7A5B2C-F96C-4AD6-96F2-F91339383E70}.Debug|Any CPU.Build.0 = Debug|Any CPU
		{4B7A5B2C-F96C-4AD6-96F2-F91339383E70}.Release|Any CPU.ActiveCfg = Release|Any CPU
		{4B7A5B2C-F96C-4AD6-96F2-F91339383E70}.Release|Any CPU.Build.0 = Release|Any CPU
		{52A61718-CC01-4F77-8070-B5BD9A2EB104}.Debug|Any CPU.ActiveCfg = Debug|Any CPU
		{52A61718-CC01-4F77-8070-B5BD9A2EB104}.Debug|Any CPU.Build.0 = Debug|Any CPU
		{52A61718-CC01-4F77-8070-B5BD9A2EB104}.Release|Any CPU.ActiveCfg = Release|Any CPU
		{52A61718-CC01-4F77-8070-B5BD9A2EB104}.Release|Any CPU.Build.0 = Release|Any CPU
		{E1840EC2-0A14-42CD-8A4B-5499701B7AD9}.Debug|Any CPU.ActiveCfg = Debug|Any CPU
		{E1840EC2-0A14-42CD-8A4B-5499701B7AD9}.Debug|Any CPU.Build.0 = Debug|Any CPU
		{E1840EC2-0A14-42CD-8A4B-5499701B7AD9}.Release|Any CPU.ActiveCfg = Release|Any CPU
		{E1840EC2-0A14-42CD-8A4B-5499701B7AD9}.Release|Any CPU.Build.0 = Release|Any CPU
		{665E31C9-E8FC-41DA-80CF-50A5857985DA}.Debug|Any CPU.ActiveCfg = Debug|Any CPU
		{665E31C9-E8FC-41DA-80CF-50A5857985DA}.Debug|Any CPU.Build.0 = Debug|Any CPU
		{665E31C9-E8FC-41DA-80CF-50A5857985DA}.Release|Any CPU.ActiveCfg = Release|Any CPU
		{665E31C9-E8FC-41DA-80CF-50A5857985DA}.Release|Any CPU.Build.0 = Release|Any CPU
		{B2801986-CE9C-4A0C-BB40-AEB273493111}.Debug|Any CPU.ActiveCfg = Debug|Any CPU
		{B2801986-CE9C-4A0C-BB40-AEB273493111}.Debug|Any CPU.Build.0 = Debug|Any CPU
		{B2801986-CE9C-4A0C-BB40-AEB273493111}.Release|Any CPU.ActiveCfg = Release|Any CPU
		{B2801986-CE9C-4A0C-BB40-AEB273493111}.Release|Any CPU.Build.0 = Release|Any CPU
	EndGlobalSection
	GlobalSection(SolutionProperties) = preSolution
		HideSolutionNode = FALSE
	EndGlobalSection
	GlobalSection(NestedProjects) = preSolution
		{3A974E62-A057-43C7-A535-E3063C473BAF} = {BD1508E5-395E-48BD-81A6-E7CF38A0267C}
		{1F12D9A7-90AD-43F4-831A-1BC4A289702B} = {BD1508E5-395E-48BD-81A6-E7CF38A0267C}
		{04AC4AEC-E44D-4D56-B577-99B4B7BCD467} = {EA0D5D09-C969-4C0E-B645-73CEB0EF2137}
		{A99E04A7-EAA5-475B-A890-CC7DA5E81673} = {BD1508E5-395E-48BD-81A6-E7CF38A0267C}
		{914595DF-966E-4A1B-B546-C518B33D9F3B} = {EA0D5D09-C969-4C0E-B645-73CEB0EF2137}
		{0EDF0719-EBD2-4EB9-9AF1-8763C3BEE06C} = {BD1508E5-395E-48BD-81A6-E7CF38A0267C}
		{D7C573B5-5CE0-4B83-AFA8-44729570A6B8} = {BD1508E5-395E-48BD-81A6-E7CF38A0267C}
		{4B7A5B2C-F96C-4AD6-96F2-F91339383E70} = {BD1508E5-395E-48BD-81A6-E7CF38A0267C}
		{52A61718-CC01-4F77-8070-B5BD9A2EB104} = {BD1508E5-395E-48BD-81A6-E7CF38A0267C}
		{E1840EC2-0A14-42CD-8A4B-5499701B7AD9} = {EA0D5D09-C969-4C0E-B645-73CEB0EF2137}
		{665E31C9-E8FC-41DA-80CF-50A5857985DA} = {EA0D5D09-C969-4C0E-B645-73CEB0EF2137}
		{B2801986-CE9C-4A0C-BB40-AEB273493111} = {EA0D5D09-C969-4C0E-B645-73CEB0EF2137}
	EndGlobalSection
	GlobalSection(ExtensibilityGlobals) = postSolution
		SolutionGuid = {88573B42-9779-4E7E-A02B-13F88514E969}
	EndGlobalSection
EndGlobal
